
Microsoft Visual Studio Solution File, Format Version 12.00
# Visual Studio Version 17
VisualStudioVersion = 17.6.33723.286
MinimumVisualStudioVersion = 10.0.40219.1
Project("{FAE04EC0-301F-11D3-BF4B-00C04F79EFBC}") = "SuperCoolWebServer", "SuperCoolWebServer.csproj", "{387A5E5F-5C3B-4091-B9B1-3E1DB7048EED}"
EndProject
Global
	GlobalSection(SolutionConfigurationPlatforms) = preSolution
		Debug|Any CPU = Debug|Any CPU
		Release|Any CPU = Release|Any CPU
	EndGlobalSection
	GlobalSection(ProjectConfigurationPlatforms) = postSolution
		{387A5E5F-5C3B-4091-B9B1-3E1DB7048EED}.Debug|Any CPU.ActiveCfg = Debug|Any CPU
		{387A5E5F-5C3B-4091-B9B1-3E1DB7048EED}.Debug|Any CPU.Build.0 = Debug|Any CPU
		{387A5E5F-5C3B-4091-B9B1-3E1DB7048EED}.Release|Any CPU.ActiveCfg = Release|Any CPU
		{387A5E5F-5C3B-4091-B9B1-3E1DB7048EED}.Release|Any CPU.Build.0 = Release|Any CPU
	EndGlobalSection
	GlobalSection(SolutionProperties) = preSolution
		HideSolutionNode = FALSE
	EndGlobalSection
	GlobalSection(ExtensibilityGlobals) = postSolution
		SolutionGuid = {C0759AF1-D6A0-4EEC-BF18-7B031C4D59C3}
	EndGlobalSection
EndGlobal
